# Locked baseline knobs for experiments 1-4 (Step 5).
# Update locked_from_run_id after a full baseline_search on real data pools.
locked_from_run_id: null
hidden_width: 128
hidden_depth: 3
subsample_stride_k: 4
lr: 0.001
batch_size: 256
stage_pass_mse: 0.01
note: Provisional defaults from base.yaml until human runs baseline_search.
